
Microsoft Visual Studio Solution File, Format Version 12.00
Project("{FAE04EC0-301F-11D3-BF4B-00C04F79EFBC}") = "DatatableAjaxCrud", "DatatableAjaxCrud\DatatableAjaxCrud.csproj", "{87BC25B4-BFC5-4380-BC1E-4DC4E3F80867}"
EndProject
Global
	GlobalSection(SolutionConfigurationPlatforms) = preSolution
		Debug|Any CPU = Debug|Any CPU
		Release|Any CPU = Release|Any CPU
	EndGlobalSection
	GlobalSection(ProjectConfigurationPlatforms) = postSolution
		{87BC25B4-BFC5-4380-BC1E-4DC4E3F80867}.Debug|Any CPU.ActiveCfg = Debug|Any CPU
		{87BC25B4-BFC5-4380-BC1E-4DC4E3F80867}.Debug|Any CPU.Build.0 = Debug|Any CPU
		{87BC25B4-BFC5-4380-BC1E-4DC4E3F80867}.Release|Any CPU.ActiveCfg = Release|Any CPU
		{87BC25B4-BFC5-4380-BC1E-4DC4E3F80867}.Release|Any CPU.Build.0 = Release|Any CPU
	EndGlobalSection
EndGlobal
